
Microsoft Visual Studio Solution File, Format Version 12.00
# Visual Studio Version 17
VisualStudioVersion = 17.8.34408.163
MinimumVisualStudioVersion = 10.0.40219.1
Project("{FAE04EC0-301F-11D3-BF4B-00C04F79EFBC}") = "TestProject.WebSite", "TestProject.WebSite\TestProject.WebSite.csproj", "{D98909AD-F131-46B2-B2E2-161B7C6F5570}"
EndProject
Global
	GlobalSection(SolutionConfigurationPlatforms) = preSolution
		Debug|Any CPU = Debug|Any CPU
		Release|Any CPU = Release|Any CPU
	EndGlobalSection
	GlobalSection(ProjectConfigurationPlatforms) = postSolution
		{D98909AD-F131-46B2-B2E2-161B7C6F5570}.Debug|Any CPU.ActiveCfg = Debug|Any CPU
		{D98909AD-F131-46B2-B2E2-161B7C6F5570}.Debug|Any CPU.Build.0 = Debug|Any CPU
		{D98909AD-F131-46B2-B2E2-161B7C6F5570}.Release|Any CPU.ActiveCfg = Release|Any CPU
		{D98909AD-F131-46B2-B2E2-161B7C6F5570}.Release|Any CPU.Build.0 = Release|Any CPU
	EndGlobalSection
	GlobalSection(SolutionProperties) = preSolution
		HideSolutionNode = FALSE
	EndGlobalSection
	GlobalSection(ExtensibilityGlobals) = postSolution
		SolutionGuid = {A3D02BA6-3DA1-4633-B7ED-04D61A14761F}
	EndGlobalSection
EndGlobal
